// !$*UTF8*$!
{
	archiveVersion = 1;
	classes = {
	};
	objectVersion = 77;
	objects = {

/* Begin PBXContainerItemProxy section */
		66AF6A6B2ED8AFF100ED3300 /* PBXContainerItemProxy */ = {
			isa = PBXContainerItemProxy;
			containerPortal = 66AF6A522ED8AFEF00ED3300 /* Project object */;
			proxyType = 1;
			remoteGlobalIDString = 66AF6A592ED8AFEF00ED3300;
			remoteInfo = A2BApp;
		};
		66AF6A752ED8AFF100ED3300 /* PBXContainerItemProxy */ = {
			isa = PBXContainerItemProxy;
			containerPortal = 66AF6A522ED8AFEF00ED3300 /* Project object */;
			proxyType = 1;
			remoteGlobalIDString = 66AF6A592ED8AFEF00ED3300;
			remoteInfo = A2BApp;
		};
/* End PBXContainerItemProxy section */

/* Begin PBXFileReference section */
		66AF6A5A2ED8AFEF00ED3300 /* A2BApp.app */ = {isa = PBXFileReference; explicitFileType = wrapper.application; includeInIndex = 0; path = A2BApp.app; sourceTree = BUILT_PRODUCTS_DIR; };
		66AF6A6A2ED8AFF100ED3300 /* A2BAppTests.xctest */ = {isa = PBXFileReference; explicitFileType = wrapper.cfbundle; includeInIndex = 0; path = A2BAppTests.xctest; sourceTree = BUILT_PRODUCTS_DIR; };
		66AF6A742ED8AFF100ED3300 /* A2BAppUITests.xctest */ = {isa = PBXFileReference; explicitFileType = wrapper.cfbundle; includeInIndex = 0; path = A2BAppUITests.xctest; sourceTree = BUILT_PRODUCTS_DIR; };
/* End PBXFileReference section */

/* Begin PBXFileSystemSynchronizedRootGroup section */
		66AF6A5C2ED8AFEF00ED3300 /* A2BApp */ = {
			isa = PBXFileSystemSynchronizedRootGroup;
			path = A2BApp;
			sourceTree = "<group>";
		};
		66AF6A6D2ED8AFF100ED3300 /* A2BAppTests */ = {
			isa = PBXFileSystemSynchronizedRootGroup;
			path = A2BAppTests;
			sourceTree = "<group>";
		};
		66AF6A772ED8AFF100ED3300 /* A2BAppUITests */ = {
			isa = PBXFileSystemSynchronizedRootGroup;
			path = A2BAppUITests;
			sourceTree = "<group>";
		};
/* End PBXFileSystemSynchronizedRootGroup section */

/* Begin PBXFrameworksBuildPhase section */
		66AF6A572ED8AFEF00ED3300 /* Frameworks */ = {
			isa = PBXFrameworksBuildPhase;
			buildActionMask = 2147483647;
			files = (
			);
			runOnlyForDeploymentPostprocessing = 0;
		};
		66AF6A672ED8AFF100ED3300 /* Frameworks */ = {
			isa = PBXFrameworksBuildPhase;
			buildActionMask = 2147483647;
			files = (
			);
			runOnlyForDeploymentPostprocessing = 0;
		};
		66AF6A712ED8AFF100ED3300 /* Frameworks */ = {
			isa = PBXFrameworksBuildPhase;
			buildActionMask = 2147483647;
			files = (
			);
			runOnlyForDeploymentPostprocessing = 0;
		};
/* End PBXFrameworksBuildPhase section */

/* Begin PBXGroup section */
		66AF6A512ED8AFEF00ED3300 = {
			isa = PBXGroup;
			children = (
				66AF6A5C2ED8AFEF00ED3300 /* A2BApp */,
				66AF6A6D2ED8AFF100ED3300 /* A2BAppTests */,
				66AF6A772ED8AFF100ED3300 /* A2BAppUITests */,
				66AF6A5B2ED8AFEF00ED3300 /* Products */,
			);
			sourceTree = "<group>";
		};
		66AF6A5B2ED8AFEF00ED3300 /* Products */ = {
			isa = PBXGroup;
			children = (
				66AF6A5A2ED8AFEF00ED3300 /* A2BApp.app */,
				66AF6A6A2ED8AFF100ED3300 /* A2BAppTests.xctest */,
				66AF6A742ED8AFF100ED3300 /* A2BAppUITests.xctest */,
			);
			name = Products;
			sourceTree = "<group>";
		};
/* End PBXGroup section */

/* Begin PBXNativeTarget section */
		66AF6A592ED8AFEF00ED3300 /* A2BApp */ = {
			isa = PBXNativeTarget;
			buildConfigurationList = 66AF6A7E2ED8AFF100ED3300 /* Build configuration list for PBXNativeTarget "A2BApp" */;
			buildPhases = (
				66AF6A562ED8AFEF00ED3300 /* Sources */,
				66AF6A572ED8AFEF00ED3300 /* Frameworks */,
				66AF6A582ED8AFEF00ED3300 /* Resources */,
			);
			buildRules = (
			);
			dependencies = (
			);
			fileSystemSynchronizedGroups = (
				66AF6A5C2ED8AFEF00ED3300 /* A2BApp */,
			);
			name = A2BApp;
			packageProductDependencies = (
			);
			productName = A2BApp;
			productReference = 66AF6A5A2ED8AFEF00ED3300 /* A2BApp.app */;
			productType = "com.apple.product-type.application";
		};
		66AF6A692ED8AFF100ED3300 /* A2BAppTests */ = {
			isa = PBXNativeTarget;
			buildConfigurationList = 66AF6A812ED8AFF100ED3300 /* Build configuration list for PBXNativeTarget "A2BAppTests" */;
			buildPhases = (
				66AF6A662ED8AFF100ED3300 /* Sources */,
				66AF6A672ED8AFF100ED3300 /* Frameworks */,
				66AF6A682ED8AFF100ED3300 /* Resources */,
			);
			buildRules = (
			);
			dependencies = (
				66AF6A6C2ED8AFF100ED3300 /* PBXTargetDependency */,
			);
			fileSystemSynchronizedGroups = (
				66AF6A6D2ED8AFF100ED3300 /* A2BAppTests */,
			);
			name = A2BAppTests;
			packageProductDependencies = (
			);
			productName = A2BAppTests;
			productReference = 66AF6A6A2ED8AFF100ED3300 /* A2BAppTests.xctest */;
			productType = "com.apple.product-type.bundle.unit-test";
		};
		66AF6A732ED8AFF100ED3300 /* A2BAppUITests */ = {
			isa = PBXNativeTarget;
			buildConfigurationList = 66AF6A842ED8AFF100ED3300 /* Build configuration list for PBXNativeTarget "A2BAppUITests" */;
			buildPhases = (
				66AF6A702ED8AFF100ED3300 /* Sources */,
				66AF6A712ED8AFF100ED3300 /* Frameworks */,
				66AF6A722ED8AFF100ED3300 /* Resources */,
			);
			buildRules = (
			);
			dependencies = (
				66AF6A762ED8AFF100ED3300 /* PBXTargetDependency */,
			);
			fileSystemSynchronizedGroups = (
				66AF6A772ED8AFF100ED3300 /* A2BAppUITests */,
			);
			name = A2BAppUITests;
			packageProductDependencies = (
			);
			productName = A2BAppUITests;
			productReference = 66AF6A742ED8AFF100ED3300 /* A2BAppUITests.xctest */;
			productType = "com.apple.product-type.bundle.ui-testing";
		};
/* End PBXNativeTarget section */

/* Begin PBXProject section */
		66AF6A522ED8AFEF00ED3300 /* Project object */ = {
			isa = PBXProject;
			attributes = {
				BuildIndependentTargetsInParallel = 1;
				LastSwiftUpdateCheck = 2600;
				LastUpgradeCheck = 2600;
				TargetAttributes = {
					66AF6A592ED8AFEF00ED3300 = {
						CreatedOnToolsVersion = 26.0.1;
					};
					66AF6A692ED8AFF100ED3300 = {
						CreatedOnToolsVersion = 26.0.1;
						TestTargetID = 66AF6A592ED8AFEF00ED3300;
					};
					66AF6A732ED8AFF100ED3300 = {
						CreatedOnToolsVersion = 26.0.1;
						TestTargetID = 66AF6A592ED8AFEF00ED3300;
					};
				};
			};
			buildConfigurationList = 66AF6A552ED8AFEF00ED3300 /* Build configuration list for PBXProject "A2BApp" */;
			developmentRegion = en;
			hasScannedForEncodings = 0;
			knownRegions = (
				en,
				Base,
			);
			mainGroup = 66AF6A512ED8AFEF00ED3300;
			minimizedProjectReferenceProxies = 1;
			preferredProjectObjectVersion = 77;
			productRefGroup = 66AF6A5B2ED8AFEF00ED3300 /* Products */;
			projectDirPath = "";
			projectRoot = "";
			targets = (
				66AF6A592ED8AFEF00ED3300 /* A2BApp */,
				66AF6A692ED8AFF100ED3300 /* A2BAppTests */,
				66AF6A732ED8AFF100ED3300 /* A2BAppUITests */,
			);
		};
/* End PBXProject section */

/* Begin PBXResourcesBuildPhase section */
		66AF6A582ED8AFEF00ED3300 /* Resources */ = {
			isa = PBXResourcesBuildPhase;
			buildActionMask = 2147483647;
			files = (
			);
			runOnlyForDeploymentPostprocessing = 0;
		};
		66AF6A682ED8AFF100ED3300 /* Resources */ = {
			isa = PBXResourcesBuildPhase;
			buildActionMask = 2147483647;
			files = (
			);
			runOnlyForDeploymentPostprocessing = 0;
		};
		66AF6A722ED8AFF100ED3300 /* Resources */ = {
			isa = PBXResourcesBuildPhase;
			buildActionMask = 2147483647;
			files = (
			);
			runOnlyForDeploymentPostprocessing = 0;
		};
/* End PBXResourcesBuildPhase section */

/* Begin PBXSourcesBuildPhase section */
		66AF6A562ED8AFEF00ED3300 /* Sources */ = {
			isa = PBXSourcesBuildPhase;
			buildActionMask = 2147483647;
			files = (
			);
			runOnlyForDeploymentPostprocessing = 0;
		};
		66AF6A662ED8AFF100ED3300 /* Sources */ = {
			isa = PBXSourcesBuildPhase;
			buildActionMask = 2147483647;
			files = (
			);
			runOnlyForDeploymentPostprocessing = 0;
		};
		66AF6A702ED8AFF100ED3300 /* Sources */ = {
			isa = PBXSourcesBuildPhase;
			buildActionMask = 2147483647;
			files = (
			);
			runOnlyForDeploymentPostprocessing = 0;
		};
/* End PBXSourcesBuildPhase section */

/* Begin PBXTargetDependency section */
		66AF6A6C2ED8AFF100ED3300 /* PBXTargetDependency */ = {
			isa = PBXTargetDependency;
			target = 66AF6A592ED8AFEF00ED3300 /* A2BApp */;
			targetProxy = 66AF6A6B2ED8AFF100ED3300 /* PBXContainerItemProxy */;
		};
		66AF6A762ED8AFF100ED3300 /* PBXTargetDependency */ = {
			isa = PBXTargetDependency;
			target = 66AF6A592ED8AFEF00ED3300 /* A2BApp */;
			targetProxy = 66AF6A752ED8AFF100ED3300 /* PBXContainerItemProxy */;
		};
/* End PBXTargetDependency section */

/* Begin XCBuildConfiguration section */
		66AF6A7C2ED8AFF100ED3300 /* Debug */ = {
			isa = XCBuildConfiguration;
			buildSettings = {
				ALWAYS_SEARCH_USER_PATHS = NO;
				ASSETCATALOG_COMPILER_GENERATE_SWIFT_ASSET_SYMBOL_EXTENSIONS = YES;
				CLANG_ANALYZER_NONNULL = YES;
				CLANG_ANALYZER_NUMBER_OBJECT_CONVERSION = YES_AGGRESSIVE;
				CLANG_CXX_LANGUAGE_STANDARD = "gnu++20";
				CLANG_ENABLE_MODULES = YES;
				CLANG_ENABLE_OBJC_ARC = YES;
				CLANG_ENABLE_OBJC_WEAK = YES;
				CLANG_WARN_BLOCK_CAPTURE_AUTORELEASING = YES;
				CLANG_WARN_BOOL_CONVERSION = YES;
				CLANG_WARN_COMMA = YES;
				CLANG_WARN_CONSTANT_CONVERSION = YES;
				CLANG_WARN_DEPRECATED_OBJC_IMPLEMENTATIONS = YES;
				CLANG_WARN_DIRECT_OBJC_ISA_USAGE = YES_ERROR;
				CLANG_WARN_DOCUMENTATION_COMMENTS = YES;
				CLANG_WARN_EMPTY_BODY = YES;
				CLANG_WARN_ENUM_CONVERSION = YES;
				CLANG_WARN_INFINITE_RECURSION = YES;
				CLANG_WARN_INT_CONVERSION = YES;
				CLANG_WARN_NON_LITERAL_NULL_CONVERSION = YES;
				CLANG_WARN_OBJC_IMPLICIT_RETAIN_SELF = YES;
				CLANG_WARN_OBJC_LITERAL_CONVERSION = YES;
				CLANG_WARN_OBJC_ROOT_CLASS = YES_ERROR;
				CLANG_WARN_QUOTED_INCLUDE_IN_FRAMEWORK_HEADER = YES;
				CLANG_WARN_RANGE_LOOP_ANALYSIS = YES;
				CLANG_WARN_STRICT_PROTOTYPES = YES;
				CLANG_WARN_SUSPICIOUS_MOVE = YES;
				CLANG_WARN_UNGUARDED_AVAILABILITY = YES_AGGRESSIVE;
				CLANG_WARN_UNREACHABLE_CODE = YES;
				CLANG_WARN__DUPLICATE_METHOD_MATCH = YES;
				COPY_PHASE_STRIP = NO;
				DEBUG_INFORMATION_FORMAT = dwarf;
				DEVELOPMENT_TEAM = A74B55K243;
				ENABLE_STRICT_OBJC_MSGSEND = YES;
				ENABLE_TESTABILITY = YES;
				ENABLE_USER_SCRIPT_SANDBOXING = YES;
				GCC_C_LANGUAGE_STANDARD = gnu17;
				GCC_DYNAMIC_NO_PIC = NO;
				GCC_NO_COMMON_BLOCKS = YES;
				GCC_OPTIMIZATION_LEVEL = 0;
				GCC_PREPROCESSOR_DEFINITIONS = (
					"DEBUG=1",
					"$(inherited)",
				);
				GCC_WARN_64_TO_32_BIT_CONVERSION = YES;
				GCC_WARN_ABOUT_RETURN_TYPE = YES_ERROR;
				GCC_WARN_UNDECLARED_SELECTOR = YES;
				GCC_WARN_UNINITIALIZED_AUTOS = YES_AGGRESSIVE;
				GCC_WARN_UNUSED_FUNCTION = YES;
				GCC_WARN_UNUSED_VARIABLE = YES;
				LOCALIZATION_PREFERS_STRING_CATALOGS = YES;
				MACOSX_DEPLOYMENT_TARGET = 26.0;
				MTL_ENABLE_DEBUG_INFO = INCLUDE_SOURCE;
				MTL_FAST_MATH = YES;
				ONLY_ACTIVE_ARCH = YES;
				SDKROOT = macosx;
				SWIFT_ACTIVE_COMPILATION_CONDITIONS = "DEBUG $(inherited)";
				SWIFT_OPTIMIZATION_LEVEL = "-Onone";
			};
			name = Debug;
		};
		66AF6A7D2ED8AFF100ED3300 /* Release */ = {
			isa = XCBuildConfiguration;
			buildSettings = {
				ALWAYS_SEARCH_USER_PATHS = NO;
				ASSETCATALOG_COMPILER_GENERATE_SWIFT_ASSET_SYMBOL_EXTENSIONS = YES;
				CLANG_ANALYZER_NONNULL = YES;
				CLANG_ANALYZER_NUMBER_OBJECT_CONVERSION = YES_AGGRESSIVE;
				CLANG_CXX_LANGUAGE_STANDARD = "gnu++20";
				CLANG_ENABLE_MODULES = YES;
				CLANG_ENABLE_OBJC_ARC = YES;
				CLANG_ENABLE_OBJC_WEAK = YES;
				CLANG_WARN_BLOCK_CAPTURE_AUTORELEASING = YES;
				CLANG_WARN_BOOL_CONVERSION = YES;
				CLANG_WARN_COMMA = YES;
				CLANG_WARN_CONSTANT_CONVERSION = YES;
				CLANG_WARN_DEPRECATED_OBJC_IMPLEMENTATIONS = YES;
				CLANG_WARN_DIRECT_OBJC_ISA_USAGE = YES_ERROR;
				CLANG_WARN_DOCUMENTATION_COMMENTS = YES;
				CLANG_WARN_EMPTY_BODY = YES;
				CLANG_WARN_ENUM_CONVERSION = YES;
				CLANG_WARN_INFINITE_RECURSION = YES;
				CLANG_WARN_INT_CONVERSION = YES;
				CLANG_WARN_NON_LITERAL_NULL_CONVERSION = YES;
				CLANG_WARN_OBJC_IMPLICIT_RETAIN_SELF = YES;
				CLANG_WARN_OBJC_LITERAL_CONVERSION = YES;
				CLANG_WARN_OBJC_ROOT_CLASS = YES_ERROR;
				CLANG_WARN_QUOTED_INCLUDE_IN_FRAMEWORK_HEADER = YES;
				CLANG_WARN_RANGE_LOOP_ANALYSIS = YES;
				CLANG_WARN_STRICT_PROTOTYPES = YES;
				CLANG_WARN_SUSPICIOUS_MOVE = YES;
				CLANG_WARN_UNGUARDED_AVAILABILITY = YES_AGGRESSIVE;
				CLANG_WARN_UNREACHABLE_CODE = YES;
				CLANG_WARN__DUPLICATE_METHOD_MATCH = YES;
				COPY_PHASE_STRIP = NO;
				DEBUG_INFORMATION_FORMAT = "dwarf-with-dsym";
				DEVELOPMENT_TEAM = A74B55K243;
				ENABLE_NS_ASSERTIONS = NO;
				ENABLE_STRICT_OBJC_MSGSEND = YES;
				ENABLE_USER_SCRIPT_SANDBOXING = YES;
				GCC_C_LANGUAGE_STANDARD = gnu17;
				GCC_NO_COMMON_BLOCKS = YES;
				GCC_WARN_64_TO_32_BIT_CONVERSION = YES;
				GCC_WARN_ABOUT_RETURN_TYPE = YES_ERROR;
				GCC_WARN_UNDECLARED_SELECTOR = YES;
				GCC_WARN_UNINITIALIZED_AUTOS = YES_AGGRESSIVE;
				GCC_WARN_UNUSED_FUNCTION = YES;
				GCC_WARN_UNUSED_VARIABLE = YES;
				LOCALIZATION_PREFERS_STRING_CATALOGS = YES;
				MACOSX_DEPLOYMENT_TARGET = 26.0;
				MTL_ENABLE_DEBUG_INFO = NO;
				MTL_FAST_MATH = YES;
				SDKROOT = macosx;
				SWIFT_COMPILATION_MODE = wholemodule;
			};
			name = Release;
		};
		66AF6A7F2ED8AFF100ED3300 /* Debug */ = {
			isa = XCBuildConfiguration;
			buildSettings = {
				ASSETCATALOG_COMPILER_APPICON_NAME = AppIcon;
				ASSETCATALOG_COMPILER_GLOBAL_ACCENT_COLOR_NAME = AccentColor;
				CODE_SIGN_STYLE = Automatic;
				COMBINE_HIDPI_IMAGES = YES;
				CURRENT_PROJECT_VERSION = 1;
				DEVELOPMENT_TEAM = A74B55K243;
				ENABLE_APP_SANDBOX = YES;
				ENABLE_HARDENED_RUNTIME = YES;
				ENABLE_USER_SELECTED_FILES = readonly;
				GENERATE_INFOPLIST_FILE = YES;
				INFOPLIST_KEY_NSHumanReadableCopyright = "";
				INFOPLIST_KEY_NSMainStoryboardFile = Main;
				INFOPLIST_KEY_NSPrincipalClass = NSApplication;
				LD_RUNPATH_SEARCH_PATHS = (
					"$(inherited)",
					"@executable_path/../Frameworks",
				);
				MARKETING_VERSION = 1.0;
				PRODUCT_BUNDLE_IDENTIFIER = com.cemkaplan.A2BApp;
				PRODUCT_NAME = "$(TARGET_NAME)";
				REGISTER_APP_GROUPS = YES;
				STRING_CATALOG_GENERATE_SYMBOLS = YES;
				SWIFT_APPROACHABLE_CONCURRENCY = YES;
				SWIFT_DEFAULT_ACTOR_ISOLATION = MainActor;
				SWIFT_EMIT_LOC_STRINGS = YES;
				SWIFT_UPCOMING_FEATURE_MEMBER_IMPORT_VISIBILITY = YES;
				SWIFT_VERSION = 5.0;
			};
			name = Debug;
		};
		66AF6A802ED8AFF100ED3300 /* Release */ = {
			isa = XCBuildConfiguration;
			buildSettings = {
				ASSETCATALOG_COMPILER_APPICON_NAME = AppIcon;
				ASSETCATALOG_COMPILER_GLOBAL_ACCENT_COLOR_NAME = AccentColor;
				CODE_SIGN_STYLE = Automatic;
				COMBINE_HIDPI_IMAGES = YES;
				CURRENT_PROJECT_VERSION = 1;
				DEVELOPMENT_TEAM = A74B55K243;
				ENABLE_APP_SANDBOX = YES;
				ENABLE_HARDENED_RUNTIME = YES;
				ENABLE_USER_SELECTED_FILES = readonly;
				GENERATE_INFOPLIST_FILE = YES;
				INFOPLIST_KEY_NSHumanReadableCopyright = "";
				INFOPLIST_KEY_NSMainStoryboardFile = Main;
				INFOPLIST_KEY_NSPrincipalClass = NSApplication;
				LD_RUNPATH_SEARCH_PATHS = (
					"$(inherited)",
					"@executable_path/../Frameworks",
				);
				MARKETING_VERSION = 1.0;
				PRODUCT_BUNDLE_IDENTIFIER = com.cemkaplan.A2BApp;
				PRODUCT_NAME = "$(TARGET_NAME)";
				REGISTER_APP_GROUPS = YES;
				STRING_CATALOG_GENERATE_SYMBOLS = YES;
				SWIFT_APPROACHABLE_CONCURRENCY = YES;
				SWIFT_DEFAULT_ACTOR_ISOLATION = MainActor;
				SWIFT_EMIT_LOC_STRINGS = YES;
				SWIFT_UPCOMING_FEATURE_MEMBER_IMPORT_VISIBILITY = YES;
				SWIFT_VERSION = 5.0;
			};
			name = Release;
		};
		66AF6A822ED8AFF100ED3300 /* Debug */ = {
			isa = XCBuildConfiguration;
			buildSettings = {
				BUNDLE_LOADER = "$(TEST_HOST)";
				CODE_SIGN_STYLE = Automatic;
				CURRENT_PROJECT_VERSION = 1;
				DEVELOPMENT_TEAM = A74B55K243;
				GENERATE_INFOPLIST_FILE = YES;
				MACOSX_DEPLOYMENT_TARGET = 26.0;
				MARKETING_VERSION = 1.0;
				PRODUCT_BUNDLE_IDENTIFIER = com.cemkaplan.A2BAppTests;
				PRODUCT_NAME = "$(TARGET_NAME)";
				STRING_CATALOG_GENERATE_SYMBOLS = NO;
				SWIFT_APPROACHABLE_CONCURRENCY = YES;
				SWIFT_EMIT_LOC_STRINGS = NO;
				SWIFT_UPCOMING_FEATURE_MEMBER_IMPORT_VISIBILITY = YES;
				SWIFT_VERSION = 5.0;
				TEST_HOST = "$(BUILT_PRODUCTS_DIR)/A2BApp.app/$(BUNDLE_EXECUTABLE_FOLDER_PATH)/A2BApp";
			};
			name = Debug;
		};
		66AF6A832ED8AFF100ED3300 /* Release */ = {
			isa = XCBuildConfiguration;
			buildSettings = {
				BUNDLE_LOADER = "$(TEST_HOST)";
				CODE_SIGN_STYLE = Automatic;
				CURRENT_PROJECT_VERSION = 1;
				DEVELOPMENT_TEAM = A74B55K243;
				GENERATE_INFOPLIST_FILE = YES;
				MACOSX_DEPLOYMENT_TARGET = 26.0;
				MARKETING_VERSION = 1.0;
				PRODUCT_BUNDLE_IDENTIFIER = com.cemkaplan.A2BAppTests;
				PRODUCT_NAME = "$(TARGET_NAME)";
				STRING_CATALOG_GENERATE_SYMBOLS = NO;
				SWIFT_APPROACHABLE_CONCURRENCY = YES;
				SWIFT_EMIT_LOC_STRINGS = NO;
				SWIFT_UPCOMING_FEATURE_MEMBER_IMPORT_VISIBILITY = YES;
				SWIFT_VERSION = 5.0;
				TEST_HOST = "$(BUILT_PRODUCTS_DIR)/A2BApp.app/$(BUNDLE_EXECUTABLE_FOLDER_PATH)/A2BApp";
			};
			name = Release;
		};
		66AF6A852ED8AFF100ED3300 /* Debug */ = {
			isa = XCBuildConfiguration;
			buildSettings = {
				CODE_SIGN_STYLE = Automatic;
				CURRENT_PROJECT_VERSION = 1;
				DEVELOPMENT_TEAM = A74B55K243;
				GENERATE_INFOPLIST_FILE = YES;
				MARKETING_VERSION = 1.0;
				PRODUCT_BUNDLE_IDENTIFIER = com.cemkaplan.A2BAppUITests;
				PRODUCT_NAME = "$(TARGET_NAME)";
				STRING_CATALOG_GENERATE_SYMBOLS = NO;
				SWIFT_APPROACHABLE_CONCURRENCY = YES;
				SWIFT_EMIT_LOC_STRINGS = NO;
				SWIFT_UPCOMING_FEATURE_MEMBER_IMPORT_VISIBILITY = YES;
				SWIFT_VERSION = 5.0;
				TEST_TARGET_NAME = A2BApp;
			};
			name = Debug;
		};
		66AF6A862ED8AFF100ED3300 /* Release */ = {
			isa = XCBuildConfiguration;
			buildSettings = {
				CODE_SIGN_STYLE = Automatic;
				CURRENT_PROJECT_VERSION = 1;
				DEVELOPMENT_TEAM = A74B55K243;
				GENERATE_INFOPLIST_FILE = YES;
				MARKETING_VERSION = 1.0;
				PRODUCT_BUNDLE_IDENTIFIER = com.cemkaplan.A2BAppUITests;
				PRODUCT_NAME = "$(TARGET_NAME)";
				STRING_CATALOG_GENERATE_SYMBOLS = NO;
				SWIFT_APPROACHABLE_CONCURRENCY = YES;
				SWIFT_EMIT_LOC_STRINGS = NO;
				SWIFT_UPCOMING_FEATURE_MEMBER_IMPORT_VISIBILITY = YES;
				SWIFT_VERSION = 5.0;
				TEST_TARGET_NAME = A2BApp;
			};
			name = Release;
		};
/* End XCBuildConfiguration section */

/* Begin XCConfigurationList section */
		66AF6A552ED8AFEF00ED3300 /* Build configuration list for PBXProject "A2BApp" */ = {
			isa = XCConfigurationList;
			buildConfigurations = (
				66AF6A7C2ED8AFF100ED3300 /* Debug */,
				66AF6A7D2ED8AFF100ED3300 /* Release */,
			);
			defaultConfigurationIsVisible = 0;
			defaultConfigurationName = Release;
		};
		66AF6A7E2ED8AFF100ED3300 /* Build configuration list for PBXNativeTarget "A2BApp" */ = {
			isa = XCConfigurationList;
			buildConfigurations = (
				66AF6A7F2ED8AFF100ED3300 /* Debug */,
				66AF6A802ED8AFF100ED3300 /* Release */,
			);
			defaultConfigurationIsVisible = 0;
			defaultConfigurationName = Release;
		};
		66AF6A812ED8AFF100ED3300 /* Build configuration list for PBXNativeTarget "A2BAppTests" */ = {
			isa = XCConfigurationList;
			buildConfigurations = (
				66AF6A822ED8AFF100ED3300 /* Debug */,
				66AF6A832ED8AFF100ED3300 /* Release */,
			);
			defaultConfigurationIsVisible = 0;
			defaultConfigurationName = Release;
		};
		66AF6A842ED8AFF100ED3300 /* Build configuration list for PBXNativeTarget "A2BAppUITests" */ = {
			isa = XCConfigurationList;
			buildConfigurations = (
				66AF6A852ED8AFF100ED3300 /* Debug */,
				66AF6A862ED8AFF100ED3300 /* Release */,
			);
			defaultConfigurationIsVisible = 0;
			defaultConfigurationName = Release;
		};
/* End XCConfigurationList section */
	};
	rootObject = 66AF6A522ED8AFEF00ED3300 /* Project object */;
}
